
Microsoft Visual Studio Solution File, Format Version 12.00
# Visual Studio Version 17
VisualStudioVersion = 17.0.32014.148
MinimumVisualStudioVersion = 10.0.40219.1
Project("{FAE04EC0-301F-11D3-BF4B-00C04F79EFBC}") = "Multiplos de 3 ou 5", "Multiplos de 3 ou 5\Multiplos de 3 ou 5.csproj", "{59D4CA13-B55B-4A3E-A570-18C9B00B2216}"
EndProject
Global
	GlobalSection(SolutionConfigurationPlatforms) = preSolution
		Debug|Any CPU = Debug|Any CPU
		Release|Any CPU = Release|Any CPU
	EndGlobalSection
	GlobalSection(ProjectConfigurationPlatforms) = postSolution
		{59D4CA13-B55B-4A3E-A570-18C9B00B2216}.Debug|Any CPU.ActiveCfg = Debug|Any CPU
		{59D4CA13-B55B-4A3E-A570-18C9B00B2216}.Debug|Any CPU.Build.0 = Debug|Any CPU
		{59D4CA13-B55B-4A3E-A570-18C9B00B2216}.Release|Any CPU.ActiveCfg = Release|Any CPU
		{59D4CA13-B55B-4A3E-A570-18C9B00B2216}.Release|Any CPU.Build.0 = Release|Any CPU
	EndGlobalSection
	GlobalSection(SolutionProperties) = preSolution
		HideSolutionNode = FALSE
	EndGlobalSection
	GlobalSection(ExtensibilityGlobals) = postSolution
		SolutionGuid = {65DD6EFC-16EA-4603-BB11-6E96BC5454F3}
	EndGlobalSection
EndGlobal
